{
  "version": 4,
  "terraform_version": "1.14.7",
  "serial": 8,
  "lineage": "143122b2-1c59-ced6-81ea-8c9a055aac5d",
  "outputs": {},
  "resources": [
    {
      "mode": "managed",
      "type": "azurerm_linux_web_app",
      "name": "streamlit",
      "provider": "provider[\"registry.terraform.io/hashicorp/azurerm\"]",
      "instances": [
        {
          "schema_version": 1,
          "attributes": {
            "app_settings": {
              "WEBSITES_PORT": "8000"
            },
            "auth_settings": [
              {
                "active_directory": [],
                "additional_login_parameters": {},
                "allowed_external_redirect_urls": [],
                "default_provider": "",
                "enabled": false,
                "facebook": [],
                "github": [],
                "google": [],
                "issuer": "",
                "microsoft": [],
                "runtime_version": "",
                "token_refresh_extension_hours": 0,
                "token_store_enabled": false,
                "twitter": [],
                "unauthenticated_client_action": ""
              }
            ],
            "auth_settings_v2": [],
            "backup": [],
            "client_affinity_enabled": false,
            "client_certificate_enabled": false,
            "client_certificate_exclusion_paths": "",
            "client_certificate_mode": "Required",
            "connection_string": [],
            "custom_domain_verification_id": "98DFD65DBBA12EA92ED75151D5C0BF6E744B2168A971DC2E9E788CCA0F5DADEA",
            "default_hostname": "streamlit-demo-myewr.azurewebsites.net",
            "enabled": true,
            "ftp_publish_basic_authentication_enabled": true,
            "hosting_environment_id": "",
            "https_only": false,
            "id": "/subscriptions/9fc56ec9-a58e-40a6-9ec7-688f946a71ec/resourceGroups/streamlit-demo-rg/providers/Microsoft.Web/sites/streamlit-demo-myewr",
            "identity": [],
            "key_vault_reference_identity_id": "SystemAssigned",
            "kind": "app,linux,container",
            "location": "southeastasia",
            "logs": [],
            "name": "streamlit-demo-myewr",
            "outbound_ip_address_list": [
              "172.188.197.214",
              "172.188.197.241",
              "172.188.193.94",
              "172.188.198.18",
              "172.188.195.225",
              "172.188.197.70",
              "57.158.168.178",
              "52.253.85.81",
              "4.145.120.127",
              "57.155.27.234",
              "40.90.185.170",
              "57.158.169.194",
              "172.188.194.175",
              "172.188.194.199",
              "172.188.195.117",
              "172.188.195.153",
              "172.188.196.13",
              "172.188.197.51",
              "20.212.64.3"
            ],
            "outbound_ip_addresses": "172.188.197.214,172.188.197.241,172.188.193.94,172.188.198.18,172.188.195.225,172.188.197.70,57.158.168.178,52.253.85.81,4.145.120.127,57.155.27.234,40.90.185.170,57.158.169.194,172.188.194.175,172.188.194.199,172.188.195.117,172.188.195.153,172.188.196.13,172.188.197.51,20.212.64.3",
            "possible_outbound_ip_address_list": [
              "172.188.197.214",
              "172.188.197.241",
              "172.188.193.94",
              "172.188.198.18",
              "172.188.195.225",
              "172.188.197.70",
              "57.158.168.178",
              "52.253.85.81",
              "4.145.120.127",
              "57.155.27.234",
              "40.90.185.170",
              "57.158.169.194",
              "172.188.194.175",
              "172.188.194.199",
              "172.188.195.117",
              "172.188.195.153",
              "172.188.196.13",
              "172.188.197.51",
              "172.188.197.58",
              "172.188.197.72",
              "172.188.197.81",
              "172.188.197.124",
              "172.188.197.135",
              "172.188.197.162",
              "172.188.197.166",
              "172.188.197.181",
              "172.188.197.182",
              "172.188.192.218",
              "172.188.197.203",
              "172.188.197.208",
              "172.188.198.13",
              "172.188.198.25",
              "172.188.192.198",
              "172.188.198.38",
              "172.188.198.90",
              "172.188.198.120",
              "20.212.64.3"
            ],
            "possible_outbound_ip_addresses": "172.188.197.214,172.188.197.241,172.188.193.94,172.188.198.18,172.188.195.225,172.188.197.70,57.158.168.178,52.253.85.81,4.145.120.127,57.155.27.234,40.90.185.170,57.158.169.194,172.188.194.175,172.188.194.199,172.188.195.117,172.188.195.153,172.188.196.13,172.188.197.51,172.188.197.58,172.188.197.72,172.188.197.81,172.188.197.124,172.188.197.135,172.188.197.162,172.188.197.166,172.188.197.181,172.188.197.182,172.188.192.218,172.188.197.203,172.188.197.208,172.188.198.13,172.188.198.25,172.188.192.198,172.188.198.38,172.188.198.90,172.188.198.120,20.212.64.3",
            "public_network_access_enabled": true,
            "resource_group_name": "streamlit-demo-rg",
            "service_plan_id": "/subscriptions/9fc56ec9-a58e-40a6-9ec7-688f946a71ec/resourceGroups/streamlit-demo-rg/providers/Microsoft.Web/serverFarms/streamlit-demo-plan",
            "site_config": [
              {
                "always_on": true,
                "api_definition_url": "",
                "api_management_api_id": "",
                "app_command_line": "",
                "application_stack": [
                  {
                    "docker_image_name": "jane0123/streamlit-demo:v2",
                    "docker_registry_password": "",
                    "docker_registry_url": "",
                    "docker_registry_username": "",
                    "dotnet_version": "",
                    "go_version": "",
                    "java_server": "",
                    "java_server_version": "",
                    "java_version": "",
                    "node_version": "",
                    "php_version": "",
                    "python_version": "",
                    "ruby_version": ""
                  }
                ],
                "auto_heal_setting": [],
                "container_registry_managed_identity_client_id": "",
                "container_registry_use_managed_identity": false,
                "cors": [],
                "default_documents": [
                  "Default.htm",
                  "Default.html",
                  "Default.asp",
                  "index.htm",
                  "index.html",
                  "iisstart.htm",
                  "default.aspx",
                  "index.php",
                  "hostingstart.html"
                ],
                "detailed_error_logging_enabled": false,
                "ftps_state": "Disabled",
                "health_check_eviction_time_in_min": 0,
                "health_check_path": "",
                "http2_enabled": false,
                "ip_restriction": [],
                "ip_restriction_default_action": "Allow",
                "linux_fx_version": "DOCKER|/jane0123/streamlit-demo:v2",
                "load_balancing_mode": "LeastRequests",
                "local_mysql_enabled": false,
                "managed_pipeline_mode": "Integrated",
                "minimum_tls_version": "1.2",
                "remote_debugging_enabled": false,
                "remote_debugging_version": "VS2022",
                "scm_ip_restriction": [],
                "scm_ip_restriction_default_action": "Allow",
                "scm_minimum_tls_version": "1.2",
                "scm_type": "None",
                "scm_use_main_ip_restriction": false,
                "use_32_bit_worker": true,
                "vnet_route_all_enabled": false,
                "websockets_enabled": false,
                "worker_count": 1
              }
            ],
            "site_credential": [
              {
                "name": "$streamlit-demo-myewr",
                "password": "FgBMmwgBPeNi2KMR5rD5Weume8E4mQTL2mTqxNEexPrijwmbvuTruARjCc8j"
              }
            ],
            "sticky_settings": [],
            "storage_account": [],
            "tags": {},
            "timeouts": null,
            "virtual_network_backup_restore_enabled": false,
            "virtual_network_subnet_id": "",
            "vnet_image_pull_enabled": false,
            "webdeploy_publish_basic_authentication_enabled": true,
            "zip_deploy_file": ""
          },
          "sensitive_attributes": [
            [
              {
                "type": "get_attr",
                "value": "custom_domain_verification_id"
              }
            ],
            [
              {
                "type": "get_attr",
                "value": "site_config"
              },
              {
                "type": "index",
                "value": {
                  "value": 0,
                  "type": "number"
                }
              },
              {
                "type": "get_attr",
                "value": "application_stack"
              },
              {
                "type": "index",
                "value": {
                  "value": 0,
                  "type": "number"
                }
              },
              {
                "type": "get_attr",
                "value": "docker_registry_password"
              }
            ],
            [
              {
                "type": "get_attr",
                "value": "site_credential"
              }
            ]
          ],
          "identity_schema_version": 0,
          "private": "eyJlMmJmYjczMC1lY2FhLTExZTYtOGY4OC0zNDM2M2JjN2M0YzAiOnsiY3JlYXRlIjoxODAwMDAwMDAwMDAwLCJkZWxldGUiOjE4MDAwMDAwMDAwMDAsInJlYWQiOjMwMDAwMDAwMDAwMCwidXBkYXRlIjoxODAwMDAwMDAwMDAwfSwic2NoZW1hX3ZlcnNpb24iOiIxIn0=",
          "dependencies": [
            "azurerm_resource_group.demo",
            "azurerm_service_plan.demo",
            "random_string.suffix"
          ]
        }
      ]
    },
    {
      "mode": "managed",
      "type": "azurerm_resource_group",
      "name": "demo",
      "provider": "provider[\"registry.terraform.io/hashicorp/azurerm\"]",
      "instances": [
        {
          "schema_version": 0,
          "attributes": {
            "id": "/subscriptions/9fc56ec9-a58e-40a6-9ec7-688f946a71ec/resourceGroups/streamlit-demo-rg",
            "location": "southeastasia",
            "managed_by": "",
            "name": "streamlit-demo-rg",
            "tags": {},
            "timeouts": null
          },
          "sensitive_attributes": [],
          "identity_schema_version": 0,
          "identity": {
            "name": "streamlit-demo-rg",
            "subscription_id": "9fc56ec9-a58e-40a6-9ec7-688f946a71ec"
          },
          "private": "eyJlMmJmYjczMC1lY2FhLTExZTYtOGY4OC0zNDM2M2JjN2M0YzAiOnsiY3JlYXRlIjo1NDAwMDAwMDAwMDAwLCJkZWxldGUiOjU0MDAwMDAwMDAwMDAsInJlYWQiOjMwMDAwMDAwMDAwMCwidXBkYXRlIjo1NDAwMDAwMDAwMDAwfX0="
        }
      ]
    },
    {
      "mode": "managed",
      "type": "azurerm_service_plan",
      "name": "demo",
      "provider": "provider[\"registry.terraform.io/hashicorp/azurerm\"]",
      "instances": [
        {
          "schema_version": 1,
          "attributes": {
            "app_service_environment_id": "",
            "id": "/subscriptions/9fc56ec9-a58e-40a6-9ec7-688f946a71ec/resourceGroups/streamlit-demo-rg/providers/Microsoft.Web/serverFarms/streamlit-demo-plan",
            "kind": "linux",
            "location": "southeastasia",
            "maximum_elastic_worker_count": 1,
            "name": "streamlit-demo-plan",
            "os_type": "Linux",
            "per_site_scaling_enabled": false,
            "premium_plan_auto_scale_enabled": false,
            "reserved": true,
            "resource_group_name": "streamlit-demo-rg",
            "sku_name": "B1",
            "tags": {},
            "timeouts": null,
            "worker_count": 1,
            "zone_balancing_enabled": false
          },
          "sensitive_attributes": [],
          "identity_schema_version": 0,
          "identity": {
            "name": "streamlit-demo-plan",
            "resource_group_name": "streamlit-demo-rg",
            "subscription_id": "9fc56ec9-a58e-40a6-9ec7-688f946a71ec"
          },
          "private": "eyJlMmJmYjczMC1lY2FhLTExZTYtOGY4OC0zNDM2M2JjN2M0YzAiOnsiY3JlYXRlIjozNjAwMDAwMDAwMDAwLCJkZWxldGUiOjM2MDAwMDAwMDAwMDAsInJlYWQiOjMwMDAwMDAwMDAwMCwidXBkYXRlIjozNjAwMDAwMDAwMDAwfSwic2NoZW1hX3ZlcnNpb24iOiIxIn0=",
          "dependencies": [
            "azurerm_resource_group.demo"
          ]
        }
      ]
    },
    {
      "mode": "managed",
      "type": "random_string",
      "name": "suffix",
      "provider": "provider[\"registry.terraform.io/hashicorp/random\"]",
      "instances": [
        {
          "schema_version": 2,
          "attributes": {
            "id": "myewr",
            "keepers": null,
            "length": 5,
            "lower": true,
            "min_lower": 0,
            "min_numeric": 0,
            "min_special": 0,
            "min_upper": 0,
            "number": true,
            "numeric": true,
            "override_special": null,
            "result": "myewr",
            "special": false,
            "upper": false
          },
          "sensitive_attributes": [],
          "identity_schema_version": 0
        }
      ]
    }
  ],
  "check_results": null
}
